version = 1
requires-python = ">=3.12"

[[package]]
name = "classify-keyword"
version = "0.1.0"
source = { virtual = "." }
dependencies = [
    { name = "cn2an" },
]

[package.metadata]
requires-dist = [{ name = "cn2an", specifier = ">=0.5.23" }]

[[package]]
name = "cn2an"
version = "0.5.23"
source = { registry = "https://pypi.org/simple" }
dependencies = [
    { name = "proces" },
]
sdist = { url = "https://files.pythonhosted.org/packages/a3/0b/35c9379122a2b551b22aa47d67b2a268eba2e77bc7509f52ed3f0ce6363e/cn2an-0.5.23.tar.gz", hash = "sha256:eda06a63e5eff4a64488d9f22e5f2a4ceca6eaa63416e4f771e67edecb1a5bdb", size = 21444 }
wheels = [
    { url = "https://files.pythonhosted.org/packages/02/5c/03f0cb3d31c132e09f5523c76e963436fcd13c0318428021bd210f7bb216/cn2an-0.5.23-py3-none-any.whl", hash = "sha256:b19ab3c53676765c038ccdab51f69b7efa4f0b888139c34088935769241f1cbf", size = 224934 },
]

[[package]]
name = "proces"
version = "0.1.7"
source = { registry = "https://pypi.org/simple" }
sdist = { url = "https://files.pythonhosted.org/packages/2c/3d/4159b57736ced0fd22553226df20a985ef7655519c80ffcb8a9fb49ebeee/proces-0.1.7.tar.gz", hash = "sha256:70a05d9e973dd685f7a9092c58be695a8181a411d63796c213232fd3fdc43775", size = 31188 }
wheels = [
    { url = "https://files.pythonhosted.org/packages/6f/88/06cc0c7d890ed8d7e16ef0e56880dea516a21643fb1f3a69a50f4cc6f716/proces-0.1.7-py3-none-any.whl", hash = "sha256:308325bbc96877263f06e57e5e9c760c4b42cc722887ad60be6b18fc37d68762", size = 137718 },
]
